
Microsoft Visual Studio Solution File, Format Version 12.00
# Visual Studio 15
VisualStudioVersion = 15.0.28307.329
MinimumVisualStudioVersion = 10.0.40219.1
Project("{FAE04EC0-301F-11D3-BF4B-00C04F79EFBC}") = "chiftObr-Lab4", "chiftObr-Lab4\chiftObr-Lab4.csproj", "{2A049476-124B-4388-A246-11115B8E61C0}"
EndProject
Project("{FAE04EC0-301F-11D3-BF4B-00C04F79EFBC}") = "chiftObr_Lab3", "..\chiftObr_Lab3\chiftObr_Lab3\chiftObr_Lab3.csproj", "{F6978BC4-C702-4BF6-847A-75876B00296D}"
EndProject
Global
	GlobalSection(SolutionConfigurationPlatforms) = preSolution
		Debug|Any CPU = Debug|Any CPU
		Release|Any CPU = Release|Any CPU
	EndGlobalSection
	GlobalSection(ProjectConfigurationPlatforms) = postSolution
		{2A049476-124B-4388-A246-11115B8E61C0}.Debug|Any CPU.ActiveCfg = Debug|Any CPU
		{2A049476-124B-4388-A246-11115B8E61C0}.Debug|Any CPU.Build.0 = Debug|Any CPU
		{2A049476-124B-4388-A246-11115B8E61C0}.Release|Any CPU.ActiveCfg = Release|Any CPU
		{2A049476-124B-4388-A246-11115B8E61C0}.Release|Any CPU.Build.0 = Release|Any CPU
		{F6978BC4-C702-4BF6-847A-75876B00296D}.Debug|Any CPU.ActiveCfg = Debug|Any CPU
		{F6978BC4-C702-4BF6-847A-75876B00296D}.Debug|Any CPU.Build.0 = Debug|Any CPU
		{F6978BC4-C702-4BF6-847A-75876B00296D}.Release|Any CPU.ActiveCfg = Release|Any CPU
		{F6978BC4-C702-4BF6-847A-75876B00296D}.Release|Any CPU.Build.0 = Release|Any CPU
	EndGlobalSection
	GlobalSection(SolutionProperties) = preSolution
		HideSolutionNode = FALSE
	EndGlobalSection
	GlobalSection(ExtensibilityGlobals) = postSolution
		SolutionGuid = {0195B717-6851-4AA7-B115-12BA4ABFAC07}
	EndGlobalSection
EndGlobal
